
Microsoft Visual Studio Solution File, Format Version 11.00
# Visual Studio 2010
Project("{8BC9CEB8-8B4A-11D0-8D11-00A0C91BC942}") = "testexact1", "testexact1.vcxproj", "{DFD83FB7-5C70-F4B1-88F7-C77C2B268B41}"
EndProject
Global
	GlobalSection(SolutionConfigurationPlatforms) = preSolution
		Debug|Win32 = Debug|Win32
		Release|Win32 = Release|Win32
	EndGlobalSection
	GlobalSection(ProjectConfigurationPlatforms) = postSolution
		{DFD83FB7-5C70-F4B1-88F7-C77C2B268B41}.Debug|Win32.ActiveCfg = Debug|Win32
		{DFD83FB7-5C70-F4B1-88F7-C77C2B268B41}.Debug|Win32.Build.0 = Debug|Win32
		{DFD83FB7-5C70-F4B1-88F7-C77C2B268B41}.Release|Win32.ActiveCfg = Release|Win32
		{DFD83FB7-5C70-F4B1-88F7-C77C2B268B41}.Release|Win32.Build.0 = Release|Win32
	EndGlobalSection
	GlobalSection(SolutionProperties) = preSolution
		HideSolutionNode = FALSE
	EndGlobalSection
EndGlobal
